
Microsoft Visual Studio Solution File, Format Version 12.00
# Visual Studio 15
VisualStudioVersion = 15.0.27004.2006
MinimumVisualStudioVersion = 10.0.40219.1
Project("{9A19103F-16F7-4668-BE54-9A1E7A4F7556}") = "Schiphol.FlightAPI", "Schiphol.API\Schiphol.FlightAPI.csproj", "{801D6CC9-1BE4-4A89-A0E5-6FEA72368F35}"
EndProject
Project("{9A19103F-16F7-4668-BE54-9A1E7A4F7556}") = "Schiphol.FlightAPI.Tests", "Schiphol.API.Tests\Schiphol.FlightAPI.Tests.csproj", "{22ABAA76-7366-420E-8AB8-DC598AACF877}"
EndProject
Project("{FAE04EC0-301F-11D3-BF4B-00C04F79EFBC}") = "Schiphol.Web", "Schiphol.Web\Schiphol.Web.csproj", "{14D068CC-EEE8-49EC-B71C-7026CC94D054}"
EndProject
Global
	GlobalSection(SolutionConfigurationPlatforms) = preSolution
		Debug|Any CPU = Debug|Any CPU
		Release|Any CPU = Release|Any CPU
	EndGlobalSection
	GlobalSection(ProjectConfigurationPlatforms) = postSolution
		{801D6CC9-1BE4-4A89-A0E5-6FEA72368F35}.Debug|Any CPU.ActiveCfg = Debug|Any CPU
		{801D6CC9-1BE4-4A89-A0E5-6FEA72368F35}.Debug|Any CPU.Build.0 = Debug|Any CPU
		{801D6CC9-1BE4-4A89-A0E5-6FEA72368F35}.Release|Any CPU.ActiveCfg = Release|Any CPU
		{801D6CC9-1BE4-4A89-A0E5-6FEA72368F35}.Release|Any CPU.Build.0 = Release|Any CPU
		{22ABAA76-7366-420E-8AB8-DC598AACF877}.Debug|Any CPU.ActiveCfg = Debug|Any CPU
		{22ABAA76-7366-420E-8AB8-DC598AACF877}.Debug|Any CPU.Build.0 = Debug|Any CPU
		{22ABAA76-7366-420E-8AB8-DC598AACF877}.Release|Any CPU.ActiveCfg = Release|Any CPU
		{22ABAA76-7366-420E-8AB8-DC598AACF877}.Release|Any CPU.Build.0 = Release|Any CPU
		{14D068CC-EEE8-49EC-B71C-7026CC94D054}.Debug|Any CPU.ActiveCfg = Debug|Any CPU
		{14D068CC-EEE8-49EC-B71C-7026CC94D054}.Debug|Any CPU.Build.0 = Debug|Any CPU
		{14D068CC-EEE8-49EC-B71C-7026CC94D054}.Release|Any CPU.ActiveCfg = Release|Any CPU
		{14D068CC-EEE8-49EC-B71C-7026CC94D054}.Release|Any CPU.Build.0 = Release|Any CPU
	EndGlobalSection
	GlobalSection(SolutionProperties) = preSolution
		HideSolutionNode = FALSE
	EndGlobalSection
	GlobalSection(ExtensibilityGlobals) = postSolution
		SolutionGuid = {33270066-647A-4796-9D0B-F31BB44586CE}
	EndGlobalSection
EndGlobal
